Microsoft Visual Studio Solution File, Format Version 11.00
# Visual Studio 2008

Project("{11103DD2-469E-A67C-6125-FA3470D80C0C}") = "AllAbroad", "Assembly-CSharp-firstpass.csproj", "{88A0384C-B877-34CA-FCA7-53703E7D29E3}"
EndProject
Project("{11103DD2-469E-A67C-6125-FA3470D80C0C}") = "AllAbroad", "Assembly-CSharp.csproj", "{ACABC72D-6A6C-5150-080B-2EA8B26BB816}"
EndProject
Project("{11103DD2-469E-A67C-6125-FA3470D80C0C}") = "AllAbroad", "Assembly-CSharp-Editor.csproj", "{C07E7B13-6584-F23F-C176-97D9C8B15A27}"
EndProject
Global
	GlobalSection(SolutionConfigurationPlatforms) = preSolution
		Debug|Any CPU = Debug|Any CPU
		Release|Any CPU = Release|Any CPU
	EndGlobalSection
	GlobalSection(ProjectConfigurationPlatforms) = postSolution
		{88A0384C-B877-34CA-FCA7-53703E7D29E3}.Debug|Any CPU.ActiveCfg = Debug|Any CPU
		{88A0384C-B877-34CA-FCA7-53703E7D29E3}.Debug|Any CPU.Build.0 = Debug|Any CPU
		{88A0384C-B877-34CA-FCA7-53703E7D29E3}.Release|Any CPU.ActiveCfg = Release|Any CPU
		{88A0384C-B877-34CA-FCA7-53703E7D29E3}.Release|Any CPU.Build.0 = Release|Any CPU
		{ACABC72D-6A6C-5150-080B-2EA8B26BB816}.Debug|Any CPU.ActiveCfg = Debug|Any CPU
		{ACABC72D-6A6C-5150-080B-2EA8B26BB816}.Debug|Any CPU.Build.0 = Debug|Any CPU
		{ACABC72D-6A6C-5150-080B-2EA8B26BB816}.Release|Any CPU.ActiveCfg = Release|Any CPU
		{ACABC72D-6A6C-5150-080B-2EA8B26BB816}.Release|Any CPU.Build.0 = Release|Any CPU
		{C07E7B13-6584-F23F-C176-97D9C8B15A27}.Debug|Any CPU.ActiveCfg = Debug|Any CPU
		{C07E7B13-6584-F23F-C176-97D9C8B15A27}.Debug|Any CPU.Build.0 = Debug|Any CPU
		{C07E7B13-6584-F23F-C176-97D9C8B15A27}.Release|Any CPU.ActiveCfg = Release|Any CPU
		{C07E7B13-6584-F23F-C176-97D9C8B15A27}.Release|Any CPU.Build.0 = Release|Any CPU
	EndGlobalSection
	GlobalSection(SolutionProperties) = preSolution
		HideSolutionNode = FALSE
	EndGlobalSection
	GlobalSection(MonoDevelopProperties) = preSolution
		StartupItem = Assembly-CSharp.csproj
	EndGlobalSection
EndGlobal
